// !$*UTF8*$!
{
	archiveVersion = 1;
	classes = {
	};
	objectVersion = 50;
	objects = {

/* Begin PBXBuildFile section */
		C719B3C722BBE40B008B7A04 /* AppDelegate.swift in Sources */ = {isa = PBXBuildFile; fileRef = C719B3C622BBE40B008B7A04 /* AppDelegate.swift */; };
		C719B3CC22BBE40B008B7A04 /* Main.storyboard in Resources */ = {isa = PBXBuildFile; fileRef = C719B3CA22BBE40B008B7A04 /* Main.storyboard */; };
		C719B3CE22BBE40C008B7A04 /* Assets.xcassets in Resources */ = {isa = PBXBuildFile; fileRef = C719B3CD22BBE40C008B7A04 /* Assets.xcassets */; };
		C719B3D122BBE40C008B7A04 /* LaunchScreen.storyboard in Resources */ = {isa = PBXBuildFile; fileRef = C719B3CF22BBE40C008B7A04 /* LaunchScreen.storyboard */; };
		C719B3D922BBE880008B7A04 /* TitleViewController.swift in Sources */ = {isa = PBXBuildFile; fileRef = C719B3D822BBE880008B7A04 /* TitleViewController.swift */; };
		C719B3DB22BBF2EB008B7A04 /* Tsume_selectViewController.swift in Sources */ = {isa = PBXBuildFile; fileRef = C719B3DA22BBF2EB008B7A04 /* Tsume_selectViewController.swift */; };
		C719B3DD22BBFCDA008B7A04 /* NounaiViewController.swift in Sources */ = {isa = PBXBuildFile; fileRef = C719B3DC22BBFCDA008B7A04 /* NounaiViewController.swift */; };
/* End PBXBuildFile section */

/* Begin PBXFileReference section */
		C719B3C322BBE40B008B7A04 /* Tsume-syogi.app */ = {isa = PBXFileReference; explicitFileType = wrapper.application; includeInIndex = 0; path = "Tsume-syogi.app"; sourceTree = BUILT_PRODUCTS_DIR; };
		C719B3C622BBE40B008B7A04 /* AppDelegate.swift */ = {isa = PBXFileReference; lastKnownFileType = sourcecode.swift; path = AppDelegate.swift; sourceTree = "<group>"; };
		C719B3CB22BBE40B008B7A04 /* Base */ = {isa = PBXFileReference; lastKnownFileType = file.storyboard; name = Base; path = Base.lproj/Main.storyboard; sourceTree = "<group>"; };
		C719B3CD22BBE40C008B7A04 /* Assets.xcassets */ = {isa = PBXFileReference; lastKnownFileType = folder.assetcatalog; path = Assets.xcassets; sourceTree = "<group>"; };
		C719B3D022BBE40C008B7A04 /* Base */ = {isa = PBXFileReference; lastKnownFileType = file.storyboard; name = Base; path = Base.lproj/LaunchScreen.storyboard; sourceTree = "<group>"; };
		C719B3D222BBE40C008B7A04 /* Info.plist */ = {isa = PBXFileReference; lastKnownFileType = text.plist.xml; path = Info.plist; sourceTree = "<group>"; };
		C719B3D822BBE880008B7A04 /* TitleViewController.swift */ = {isa = PBXFileReference; lastKnownFileType = sourcecode.swift; path = TitleViewController.swift; sourceTree = "<group>"; };
		C719B3DA22BBF2EB008B7A04 /* Tsume_selectViewController.swift */ = {isa = PBXFileReference; lastKnownFileType = sourcecode.swift; path = Tsume_selectViewController.swift; sourceTree = "<group>"; };
		C719B3DC22BBFCDA008B7A04 /* NounaiViewController.swift */ = {isa = PBXFileReference; lastKnownFileType = sourcecode.swift; path = NounaiViewController.swift; sourceTree = "<group>"; };
/* End PBXFileReference section */

/* Begin PBXFrameworksBuildPhase section */
		C719B3C022BBE40B008B7A04 /* Frameworks */ = {
			isa = PBXFrameworksBuildPhase;
			buildActionMask = 2147483647;
			files = (
			);
			runOnlyForDeploymentPostprocessing = 0;
		};
/* End PBXFrameworksBuildPhase section */

/* Begin PBXGroup section */
		C719B3BA22BBE40B008B7A04 = {
			isa = PBXGroup;
			children = (
				C719B3C522BBE40B008B7A04 /* Tsume-syogi */,
				C719B3C422BBE40B008B7A04 /* Products */,
			);
			sourceTree = "<group>";
		};
		C719B3C422BBE40B008B7A04 /* Products */ = {
			isa = PBXGroup;
			children = (
				C719B3C322BBE40B008B7A04 /* Tsume-syogi.app */,
			);
			name = Products;
			sourceTree = "<group>";
		};
		C719B3C522BBE40B008B7A04 /* Tsume-syogi */ = {
			isa = PBXGroup;
			children = (
				C719B3C622BBE40B008B7A04 /* AppDelegate.swift */,
				C719B3CA22BBE40B008B7A04 /* Main.storyboard */,
				C719B3CD22BBE40C008B7A04 /* Assets.xcassets */,
				C719B3CF22BBE40C008B7A04 /* LaunchScreen.storyboard */,
				C719B3D222BBE40C008B7A04 /* Info.plist */,
				C719B3D822BBE880008B7A04 /* TitleViewController.swift */,
				C719B3DA22BBF2EB008B7A04 /* Tsume_selectViewController.swift */,
				C719B3DC22BBFCDA008B7A04 /* NounaiViewController.swift */,
			);
			path = "Tsume-syogi";
			sourceTree = "<group>";
		};
/* End PBXGroup section */

/* Begin PBXNativeTarget section */
		C719B3C222BBE40B008B7A04 /* Tsume-syogi */ = {
			isa = PBXNativeTarget;
			buildConfigurationList = C719B3D522BBE40C008B7A04 /* Build configuration list for PBXNativeTarget "Tsume-syogi" */;
			buildPhases = (
				C719B3BF22BBE40B008B7A04 /* Sources */,
				C719B3C022BBE40B008B7A04 /* Frameworks */,
				C719B3C122BBE40B008B7A04 /* Resources */,
			);
			buildRules = (
			);
			dependencies = (
			);
			name = "Tsume-syogi";
			productName = "Tsume-syogi";
			productReference = C719B3C322BBE40B008B7A04 /* Tsume-syogi.app */;
			productType = "com.apple.product-type.application";
		};
/* End PBXNativeTarget section */

/* Begin PBXProject section */
		C719B3BB22BBE40B008B7A04 /* Project object */ = {
			isa = PBXProject;
			attributes = {
				LastSwiftUpdateCheck = 1020;
				LastUpgradeCheck = 1020;
				ORGANIZATIONNAME = "吉田力";
				TargetAttributes = {
					C719B3C222BBE40B008B7A04 = {
						CreatedOnToolsVersion = 10.2.1;
					};
				};
			};
			buildConfigurationList = C719B3BE22BBE40B008B7A04 /* Build configuration list for PBXProject "Tsume-syogi" */;
			compatibilityVersion = "Xcode 9.3";
			developmentRegion = en;
			hasScannedForEncodings = 0;
			knownRegions = (
				en,
				Base,
			);
			mainGroup = C719B3BA22BBE40B008B7A04;
			productRefGroup = C719B3C422BBE40B008B7A04 /* Products */;
			projectDirPath = "";
			projectRoot = "";
			targets = (
				C719B3C222BBE40B008B7A04 /* Tsume-syogi */,
			);
		};
/* End PBXProject section */

/* Begin PBXResourcesBuildPhase section */
		C719B3C122BBE40B008B7A04 /* Resources */ = {
			isa = PBXResourcesBuildPhase;
			buildActionMask = 2147483647;
			files = (
				C719B3D122BBE40C008B7A04 /* LaunchScreen.storyboard in Resources */,
				C719B3CE22BBE40C008B7A04 /* Assets.xcassets in Resources */,
				C719B3CC22BBE40B008B7A04 /* Main.storyboard in Resources */,
			);
			runOnlyForDeploymentPostprocessing = 0;
		};
/* End PBXResourcesBuildPhase section */

/* Begin PBXSourcesBuildPhase section */
		C719B3BF22BBE40B008B7A04 /* Sources */ = {
			isa = PBXSourcesBuildPhase;
			buildActionMask = 2147483647;
			files = (
				C719B3C722BBE40B008B7A04 /* AppDelegate.swift in Sources */,
				C719B3DB22BBF2EB008B7A04 /* Tsume_selectViewController.swift in Sources */,
				C719B3DD22BBFCDA008B7A04 /* NounaiViewController.swift in Sources */,
				C719B3D922BBE880008B7A04 /* TitleViewController.swift in Sources */,
			);
			runOnlyForDeploymentPostprocessing = 0;
		};
/* End PBXSourcesBuildPhase section */

/* Begin PBXVariantGroup section */
		C719B3CA22BBE40B008B7A04 /* Main.storyboard */ = {
			isa = PBXVariantGroup;
			children = (
				C719B3CB22BBE40B008B7A04 /* Base */,
			);
			name = Main.storyboard;
			sourceTree = "<group>";
		};
		C719B3CF22BBE40C008B7A04 /* LaunchScreen.storyboard */ = {
			isa = PBXVariantGroup;
			children = (
				C719B3D022BBE40C008B7A04 /* Base */,
			);
			name = LaunchScreen.storyboard;
			sourceTree = "<group>";
		};
/* End PBXVariantGroup section */

/* Begin XCBuildConfiguration section */
		C719B3D322BBE40C008B7A04 /* Debug */ = {
			isa = XCBuildConfiguration;
			buildSettings = {
				ALWAYS_SEARCH_USER_PATHS = NO;
				CLANG_ANALYZER_NONNULL = YES;
				CLANG_ANALYZER_NUMBER_OBJECT_CONVERSION = YES_AGGRESSIVE;
				CLANG_CXX_LANGUAGE_STANDARD = "gnu++14";
				CLANG_CXX_LIBRARY = "libc++";
				CLANG_ENABLE_MODULES = YES;
				CLANG_ENABLE_OBJC_ARC = YES;
				CLANG_ENABLE_OBJC_WEAK = YES;
				CLANG_WARN_BLOCK_CAPTURE_AUTORELEASING = YES;
				CLANG_WARN_BOOL_CONVERSION = YES;
				CLANG_WARN_COMMA = YES;
				CLANG_WARN_CONSTANT_CONVERSION = YES;
				CLANG_WARN_DEPRECATED_OBJC_IMPLEMENTATIONS = YES;
				CLANG_WARN_DIRECT_OBJC_ISA_USAGE = YES_ERROR;
				CLANG_WARN_DOCUMENTATION_COMMENTS = YES;
				CLANG_WARN_EMPTY_BODY = YES;
				CLANG_WARN_ENUM_CONVERSION = YES;
				CLANG_WARN_INFINITE_RECURSION = YES;
				CLANG_WARN_INT_CONVERSION = YES;
				CLANG_WARN_NON_LITERAL_NULL_CONVERSION = YES;
				CLANG_WARN_OBJC_IMPLICIT_RETAIN_SELF = YES;
				CLANG_WARN_OBJC_LITERAL_CONVERSION = YES;
				CLANG_WARN_OBJC_ROOT_CLASS = YES_ERROR;
				CLANG_WARN_RANGE_LOOP_ANALYSIS = YES;
				CLANG_WARN_STRICT_PROTOTYPES = YES;
				CLANG_WARN_SUSPICIOUS_MOVE = YES;
				CLANG_WARN_UNGUARDED_AVAILABILITY = YES_AGGRESSIVE;
				CLANG_WARN_UNREACHABLE_CODE = YES;
				CLANG_WARN__DUPLICATE_METHOD_MATCH = YES;
				CODE_SIGN_IDENTITY = "iPhone Developer";
				COPY_PHASE_STRIP = NO;
				DEBUG_INFORMATION_FORMAT = dwarf;
				ENABLE_STRICT_OBJC_MSGSEND = YES;
				ENABLE_TESTABILITY = YES;
				GCC_C_LANGUAGE_STANDARD = gnu11;
				GCC_DYNAMIC_NO_PIC = NO;
				GCC_NO_COMMON_BLOCKS = YES;
				GCC_OPTIMIZATION_LEVEL = 0;
				GCC_PREPROCESSOR_DEFINITIONS = (
					"DEBUG=1",
					"$(inherited)",
				);
				GCC_WARN_64_TO_32_BIT_CONVERSION = YES;
				GCC_WARN_ABOUT_RETURN_TYPE = YES_ERROR;
				GCC_WARN_UNDECLARED_SELECTOR = YES;
				GCC_WARN_UNINITIALIZED_AUTOS = YES_AGGRESSIVE;
				GCC_WARN_UNUSED_FUNCTION = YES;
				GCC_WARN_UNUSED_VARIABLE = YES;
				IPHONEOS_DEPLOYMENT_TARGET = 12.2;
				MTL_ENABLE_DEBUG_INFO = INCLUDE_SOURCE;
				MTL_FAST_MATH = YES;
				ONLY_ACTIVE_ARCH = YES;
				SDKROOT = iphoneos;
				SWIFT_ACTIVE_COMPILATION_CONDITIONS = DEBUG;
				SWIFT_OPTIMIZATION_LEVEL = "-Onone";
			};
			name = Debug;
		};
		C719B3D422BBE40C008B7A04 /* Release */ = {
			isa = XCBuildConfiguration;
			buildSettings = {
				ALWAYS_SEARCH_USER_PATHS = NO;
				CLANG_ANALYZER_NONNULL = YES;
				CLANG_ANALYZER_NUMBER_OBJECT_CONVERSION = YES_AGGRESSIVE;
				CLANG_CXX_LANGUAGE_STANDARD = "gnu++14";
				CLANG_CXX_LIBRARY = "libc++";
				CLANG_ENABLE_MODULES = YES;
				CLANG_ENABLE_OBJC_ARC = YES;
				CLANG_ENABLE_OBJC_WEAK = YES;
				CLANG_WARN_BLOCK_CAPTURE_AUTORELEASING = YES;
				CLANG_WARN_BOOL_CONVERSION = YES;
				CLANG_WARN_COMMA = YES;
				CLANG_WARN_CONSTANT_CONVERSION = YES;
				CLANG_WARN_DEPRECATED_OBJC_IMPLEMENTATIONS = YES;
				CLANG_WARN_DIRECT_OBJC_ISA_USAGE = YES_ERROR;
				CLANG_WARN_DOCUMENTATION_COMMENTS = YES;
				CLANG_WARN_EMPTY_BODY = YES;
				CLANG_WARN_ENUM_CONVERSION = YES;
				CLANG_WARN_INFINITE_RECURSION = YES;
				CLANG_WARN_INT_CONVERSION = YES;
				CLANG_WARN_NON_LITERAL_NULL_CONVERSION = YES;
				CLANG_WARN_OBJC_IMPLICIT_RETAIN_SELF = YES;
				CLANG_WARN_OBJC_LITERAL_CONVERSION = YES;
				CLANG_WARN_OBJC_ROOT_CLASS = YES_ERROR;
				CLANG_WARN_RANGE_LOOP_ANALYSIS = YES;
				CLANG_WARN_STRICT_PROTOTYPES = YES;
				CLANG_WARN_SUSPICIOUS_MOVE = YES;
				CLANG_WARN_UNGUARDED_AVAILABILITY = YES_AGGRESSIVE;
				CLANG_WARN_UNREACHABLE_CODE = YES;
				CLANG_WARN__DUPLICATE_METHOD_MATCH = YES;
				CODE_SIGN_IDENTITY = "iPhone Developer";
				COPY_PHASE_STRIP = NO;
				DEBUG_INFORMATION_FORMAT = "dwarf-with-dsym";
				ENABLE_NS_ASSERTIONS = NO;
				ENABLE_STRICT_OBJC_MSGSEND = YES;
				GCC_C_LANGUAGE_STANDARD = gnu11;
				GCC_NO_COMMON_BLOCKS = YES;
				GCC_WARN_64_TO_32_BIT_CONVERSION = YES;
				GCC_WARN_ABOUT_RETURN_TYPE = YES_ERROR;
				GCC_WARN_UNDECLARED_SELECTOR = YES;
				GCC_WARN_UNINITIALIZED_AUTOS = YES_AGGRESSIVE;
				GCC_WARN_UNUSED_FUNCTION = YES;
				GCC_WARN_UNUSED_VARIABLE = YES;
				IPHONEOS_DEPLOYMENT_TARGET = 12.2;
				MTL_ENABLE_DEBUG_INFO = NO;
				MTL_FAST_MATH = YES;
				SDKROOT = iphoneos;
				SWIFT_COMPILATION_MODE = wholemodule;
				SWIFT_OPTIMIZATION_LEVEL = "-O";
				VALIDATE_PRODUCT = YES;
			};
			name = Release;
		};
		C719B3D622BBE40C008B7A04 /* Debug */ = {
			isa = XCBuildConfiguration;
			buildSettings = {
				ASSETCATALOG_COMPILER_APPICON_NAME = AppIcon;
				CODE_SIGN_STYLE = Automatic;
				DEVELOPMENT_TEAM = 9W84J9VQ8H;
				INFOPLIST_FILE = "Tsume-syogi/Info.plist";
				LD_RUNPATH_SEARCH_PATHS = (
					"$(inherited)",
					"@executable_path/Frameworks",
				);
				PRODUCT_BUNDLE_IDENTIFIER = "com.chikara.Tsume-syogi";
				PRODUCT_NAME = "$(TARGET_NAME)";
				SWIFT_VERSION = 5.0;
				TARGETED_DEVICE_FAMILY = "1,2";
			};
			name = Debug;
		};
		C719B3D722BBE40C008B7A04 /* Release */ = {
			isa = XCBuildConfiguration;
			buildSettings = {
				ASSETCATALOG_COMPILER_APPICON_NAME = AppIcon;
				CODE_SIGN_STYLE = Automatic;
				DEVELOPMENT_TEAM = 9W84J9VQ8H;
				INFOPLIST_FILE = "Tsume-syogi/Info.plist";
				LD_RUNPATH_SEARCH_PATHS = (
					"$(inherited)",
					"@executable_path/Frameworks",
				);
				PRODUCT_BUNDLE_IDENTIFIER = "com.chikara.Tsume-syogi";
				PRODUCT_NAME = "$(TARGET_NAME)";
				SWIFT_VERSION = 5.0;
				TARGETED_DEVICE_FAMILY = "1,2";
			};
			name = Release;
		};
/* End XCBuildConfiguration section */

/* Begin XCConfigurationList section */
		C719B3BE22BBE40B008B7A04 /* Build configuration list for PBXProject "Tsume-syogi" */ = {
			isa = XCConfigurationList;
			buildConfigurations = (
				C719B3D322BBE40C008B7A04 /* Debug */,
				C719B3D422BBE40C008B7A04 /* Release */,
			);
			defaultConfigurationIsVisible = 0;
			defaultConfigurationName = Release;
		};
		C719B3D522BBE40C008B7A04 /* Build configuration list for PBXNativeTarget "Tsume-syogi" */ = {
			isa = XCConfigurationList;
			buildConfigurations = (
				C719B3D622BBE40C008B7A04 /* Debug */,
				C719B3D722BBE40C008B7A04 /* Release */,
			);
			defaultConfigurationIsVisible = 0;
			defaultConfigurationName = Release;
		};
/* End XCConfigurationList section */
	};
	rootObject = C719B3BB22BBE40B008B7A04 /* Project object */;
}
